
Microsoft Visual Studio Solution File, Format Version 12.00
# Visual Studio Version 16
VisualStudioVersion = 16.0.29806.167
MinimumVisualStudioVersion = 10.0.40219.1
Project("{FAE04EC0-301F-11D3-BF4B-00C04F79EFBC}") = "TodoList_BlazorServer", "TodoList_BlazorServer\TodoList_BlazorServer.csproj", "{5DFBC0DE-6B40-43B9-B7F6-AA14835F9341}"
EndProject
Global
	GlobalSection(SolutionConfigurationPlatforms) = preSolution
		Debug|Any CPU = Debug|Any CPU
		Release|Any CPU = Release|Any CPU
	EndGlobalSection
	GlobalSection(ProjectConfigurationPlatforms) = postSolution
		{5DFBC0DE-6B40-43B9-B7F6-AA14835F9341}.Debug|Any CPU.ActiveCfg = Debug|Any CPU
		{5DFBC0DE-6B40-43B9-B7F6-AA14835F9341}.Debug|Any CPU.Build.0 = Debug|Any CPU
		{5DFBC0DE-6B40-43B9-B7F6-AA14835F9341}.Release|Any CPU.ActiveCfg = Release|Any CPU
		{5DFBC0DE-6B40-43B9-B7F6-AA14835F9341}.Release|Any CPU.Build.0 = Release|Any CPU
	EndGlobalSection
	GlobalSection(SolutionProperties) = preSolution
		HideSolutionNode = FALSE
	EndGlobalSection
	GlobalSection(ExtensibilityGlobals) = postSolution
		SolutionGuid = {7D3359B7-153B-4AA8-BEE2-F72B25B88CFE}
	EndGlobalSection
EndGlobal
